// !$*UTF8*$!
{
	archiveVersion = 1;
	classes = {
	};
	objectVersion = 46;
	objects = {

/* Begin PBXBuildFile section */
		4DC8756FA90D7567D0E8D10E /* libPods-Examen.a in Frameworks */ = {isa = PBXBuildFile; fileRef = BE3AE06E5B17A2033729F93B /* libPods-Examen.a */; };
		AE8CA7411D73D5C8001F4BA3 /* main.m in Sources */ = {isa = PBXBuildFile; fileRef = AE8CA7401D73D5C8001F4BA3 /* main.m */; };
		AE8CA7441D73D5C8001F4BA3 /* AppDelegate.m in Sources */ = {isa = PBXBuildFile; fileRef = AE8CA7431D73D5C8001F4BA3 /* AppDelegate.m */; };
		AE8CA7471D73D5C8001F4BA3 /* Start.m in Sources */ = {isa = PBXBuildFile; fileRef = AE8CA7461D73D5C8001F4BA3 /* Start.m */; };
		AE8CA74A1D73D5C8001F4BA3 /* Main.storyboard in Resources */ = {isa = PBXBuildFile; fileRef = AE8CA7481D73D5C8001F4BA3 /* Main.storyboard */; };
		AE8CA74D1D73D5C8001F4BA3 /* Examen.xcdatamodeld in Sources */ = {isa = PBXBuildFile; fileRef = AE8CA74B1D73D5C8001F4BA3 /* Examen.xcdatamodeld */; };
		AE8CA74F1D73D5C8001F4BA3 /* Assets.xcassets in Resources */ = {isa = PBXBuildFile; fileRef = AE8CA74E1D73D5C8001F4BA3 /* Assets.xcassets */; };
		AE8CA7521D73D5C8001F4BA3 /* LaunchScreen.storyboard in Resources */ = {isa = PBXBuildFile; fileRef = AE8CA7501D73D5C8001F4BA3 /* LaunchScreen.storyboard */; };
		AE8CA75E1D73D999001F4BA3 /* Podfile in Resources */ = {isa = PBXBuildFile; fileRef = AE8CA75D1D73D999001F4BA3 /* Podfile */; };
		AE8CA7791D73DB10001F4BA3 /* NSObject+SBJson.m in Sources */ = {isa = PBXBuildFile; fileRef = AE8CA7611D73DB10001F4BA3 /* NSObject+SBJson.m */; };
		AE8CA77A1D73DB10001F4BA3 /* SBJsonParser.m in Sources */ = {isa = PBXBuildFile; fileRef = AE8CA7641D73DB10001F4BA3 /* SBJsonParser.m */; };
		AE8CA77B1D73DB10001F4BA3 /* SBJsonStreamParser.m in Sources */ = {isa = PBXBuildFile; fileRef = AE8CA7661D73DB10001F4BA3 /* SBJsonStreamParser.m */; };
		AE8CA77C1D73DB10001F4BA3 /* SBJsonStreamParserAccumulator.m in Sources */ = {isa = PBXBuildFile; fileRef = AE8CA7681D73DB10001F4BA3 /* SBJsonStreamParserAccumulator.m */; };
		AE8CA77D1D73DB10001F4BA3 /* SBJsonStreamParserAdapter.m in Sources */ = {isa = PBXBuildFile; fileRef = AE8CA76A1D73DB10001F4BA3 /* SBJsonStreamParserAdapter.m */; };
		AE8CA77E1D73DB10001F4BA3 /* SBJsonStreamParserState.m in Sources */ = {isa = PBXBuildFile; fileRef = AE8CA76C1D73DB10001F4BA3 /* SBJsonStreamParserState.m */; };
		AE8CA77F1D73DB10001F4BA3 /* SBJsonStreamWriter.m in Sources */ = {isa = PBXBuildFile; fileRef = AE8CA76E1D73DB10001F4BA3 /* SBJsonStreamWriter.m */; };
		AE8CA7801D73DB10001F4BA3 /* SBJsonStreamWriterAccumulator.m in Sources */ = {isa = PBXBuildFile; fileRef = AE8CA7701D73DB10001F4BA3 /* SBJsonStreamWriterAccumulator.m */; };
		AE8CA7811D73DB10001F4BA3 /* SBJsonStreamWriterState.m in Sources */ = {isa = PBXBuildFile; fileRef = AE8CA7721D73DB10001F4BA3 /* SBJsonStreamWriterState.m */; };
		AE8CA7821D73DB10001F4BA3 /* SBJsonTokeniser.m in Sources */ = {isa = PBXBuildFile; fileRef = AE8CA7741D73DB10001F4BA3 /* SBJsonTokeniser.m */; };
		AE8CA7831D73DB10001F4BA3 /* SBJsonUTF8Stream.m in Sources */ = {isa = PBXBuildFile; fileRef = AE8CA7761D73DB10001F4BA3 /* SBJsonUTF8Stream.m */; };
		AE8CA7841D73DB10001F4BA3 /* SBJsonWriter.m in Sources */ = {isa = PBXBuildFile; fileRef = AE8CA7781D73DB10001F4BA3 /* SBJsonWriter.m */; };
		AE8CA79F1D73DB3D001F4BA3 /* NSDictionary+ObjectMapper.m in Sources */ = {isa = PBXBuildFile; fileRef = AE8CA7881D73DB3D001F4BA3 /* NSDictionary+ObjectMapper.m */; };
		AE8CA7A01D73DB3D001F4BA3 /* NSObject+ObjectMapper.m in Sources */ = {isa = PBXBuildFile; fileRef = AE8CA78A1D73DB3D001F4BA3 /* NSObject+ObjectMapper.m */; };
		AE8CA7A11D73DB3D001F4BA3 /* ManagedObjectInstanceProvider.m in Sources */ = {isa = PBXBuildFile; fileRef = AE8CA78E1D73DB3D001F4BA3 /* ManagedObjectInstanceProvider.m */; };
		AE8CA7A21D73DB3D001F4BA3 /* ObjectInstanceProvider.m in Sources */ = {isa = PBXBuildFile; fileRef = AE8CA7901D73DB3D001F4BA3 /* ObjectInstanceProvider.m */; };
		AE8CA7A31D73DB3D001F4BA3 /* CommonLoggingProvider.m in Sources */ = {isa = PBXBuildFile; fileRef = AE8CA7931D73DB3D001F4BA3 /* CommonLoggingProvider.m */; };
		AE8CA7A41D73DB3D001F4BA3 /* InCodeMappingProvider.m in Sources */ = {isa = PBXBuildFile; fileRef = AE8CA7981D73DB3D001F4BA3 /* InCodeMappingProvider.m */; };
		AE8CA7A51D73DB3D001F4BA3 /* ObjectMapper.m in Sources */ = {isa = PBXBuildFile; fileRef = AE8CA79B1D73DB3D001F4BA3 /* ObjectMapper.m */; };
		AE8CA7A61D73DB3D001F4BA3 /* ObjectMappingInfo.m in Sources */ = {isa = PBXBuildFile; fileRef = AE8CA79D1D73DB3D001F4BA3 /* ObjectMappingInfo.m */; };
		AE8CA7A91D73DBFE001F4BA3 /* ObjectResponse.m in Sources */ = {isa = PBXBuildFile; fileRef = AE8CA7A81D73DBFE001F4BA3 /* ObjectResponse.m */; };
		AE8CA7AC1D73DC14001F4BA3 /* Coord.m in Sources */ = {isa = PBXBuildFile; fileRef = AE8CA7AB1D73DC14001F4BA3 /* Coord.m */; };
		AE8CA7AF1D73DC2D001F4BA3 /* Weather.m in Sources */ = {isa = PBXBuildFile; fileRef = AE8CA7AE1D73DC2D001F4BA3 /* Weather.m */; };
		AE8CA7B21D73DC62001F4BA3 /* MapResults.m in Sources */ = {isa = PBXBuildFile; fileRef = AE8CA7B11D73DC62001F4BA3 /* MapResults.m */; };
		AE8CA7B51D73DC90001F4BA3 /* Declarations.m in Sources */ = {isa = PBXBuildFile; fileRef = AE8CA7B41D73DC90001F4BA3 /* Declarations.m */; };
		AE8CA7B81D73DCAB001F4BA3 /* WebServices.m in Sources */ = {isa = PBXBuildFile; fileRef = AE8CA7B71D73DCAB001F4BA3 /* WebServices.m */; };
		AE8CA7BB1D73DCC6001F4BA3 /* Parser.m in Sources */ = {isa = PBXBuildFile; fileRef = AE8CA7BA1D73DCC6001F4BA3 /* Parser.m */; };
		AE8CA7BE1D73DCE2001F4BA3 /* OCMapperConfig.m in Sources */ = {isa = PBXBuildFile; fileRef = AE8CA7BD1D73DCE2001F4BA3 /* OCMapperConfig.m */; };
		AE8CA7C11D73DCF5001F4BA3 /* MainObject.m in Sources */ = {isa = PBXBuildFile; fileRef = AE8CA7C01D73DCF5001F4BA3 /* MainObject.m */; };
/* End PBXBuildFile section */

/* Begin PBXFileReference section */
		2AC06E6BC2E132C5DB18476C /* Pods-Examen.debug.xcconfig */ = {isa = PBXFileReference; includeInIndex = 1; lastKnownFileType = text.xcconfig; name = "Pods-Examen.debug.xcconfig"; path = "Pods/Target Support Files/Pods-Examen/Pods-Examen.debug.xcconfig"; sourceTree = "<group>"; };
		2C3AD226487862AC10993BEB /* Pods-Examen.release.xcconfig */ = {isa = PBXFileReference; includeInIndex = 1; lastKnownFileType = text.xcconfig; name = "Pods-Examen.release.xcconfig"; path = "Pods/Target Support Files/Pods-Examen/Pods-Examen.release.xcconfig"; sourceTree = "<group>"; };
		AE8CA73C1D73D5C8001F4BA3 /* Examen.app */ = {isa = PBXFileReference; explicitFileType = wrapper.application; includeInIndex = 0; path = Examen.app; sourceTree = BUILT_PRODUCTS_DIR; };
		AE8CA7401D73D5C8001F4BA3 /* main.m */ = {isa = PBXFileReference; lastKnownFileType = sourcecode.c.objc; path = main.m; sourceTree = "<group>"; };
		AE8CA7421D73D5C8001F4BA3 /* AppDelegate.h */ = {isa = PBXFileReference; lastKnownFileType = sourcecode.c.h; path = AppDelegate.h; sourceTree = "<group>"; };
		AE8CA7431D73D5C8001F4BA3 /* AppDelegate.m */ = {isa = PBXFileReference; lastKnownFileType = sourcecode.c.objc; path = AppDelegate.m; sourceTree = "<group>"; };
		AE8CA7451D73D5C8001F4BA3 /* Start.h */ = {isa = PBXFileReference; lastKnownFileType = sourcecode.c.h; path = Start.h; sourceTree = "<group>"; };
		AE8CA7461D73D5C8001F4BA3 /* Start.m */ = {isa = PBXFileReference; lastKnownFileType = sourcecode.c.objc; path = Start.m; sourceTree = "<group>"; };
		AE8CA7491D73D5C8001F4BA3 /* Base */ = {isa = PBXFileReference; lastKnownFileType = file.storyboard; name = Base; path = Base.lproj/Main.storyboard; sourceTree = "<group>"; };
		AE8CA74C1D73D5C8001F4BA3 /* Examen.xcdatamodel */ = {isa = PBXFileReference; lastKnownFileType = wrapper.xcdatamodel; path = Examen.xcdatamodel; sourceTree = "<group>"; };
		AE8CA74E1D73D5C8001F4BA3 /* Assets.xcassets */ = {isa = PBXFileReference; lastKnownFileType = folder.assetcatalog; path = Assets.xcassets; sourceTree = "<group>"; };
		AE8CA7511D73D5C8001F4BA3 /* Base */ = {isa = PBXFileReference; lastKnownFileType = file.storyboard; name = Base; path = Base.lproj/LaunchScreen.storyboard; sourceTree = "<group>"; };
		AE8CA7531D73D5C8001F4BA3 /* Info.plist */ = {isa = PBXFileReference; lastKnownFileType = text.plist.xml; path = Info.plist; sourceTree = "<group>"; };
		AE8CA75D1D73D999001F4BA3 /* Podfile */ = {isa = PBXFileReference; fileEncoding = 4; lastKnownFileType = text; path = Podfile; sourceTree = "<group>"; };
		AE8CA7601D73DB10001F4BA3 /* NSObject+SBJson.h */ = {isa = PBXFileReference; fileEncoding = 4; lastKnownFileType = sourcecode.c.h; path = "NSObject+SBJson.h"; sourceTree = "<group>"; };
		AE8CA7611D73DB10001F4BA3 /* NSObject+SBJson.m */ = {isa = PBXFileReference; fileEncoding = 4; lastKnownFileType = sourcecode.c.objc; path = "NSObject+SBJson.m"; sourceTree = "<group>"; };
		AE8CA7621D73DB10001F4BA3 /* SBJson.h */ = {isa = PBXFileReference; fileEncoding = 4; lastKnownFileType = sourcecode.c.h; path = SBJson.h; sourceTree = "<group>"; };
		AE8CA7631D73DB10001F4BA3 /* SBJsonParser.h */ = {isa = PBXFileReference; fileEncoding = 4; lastKnownFileType = sourcecode.c.h; path = SBJsonParser.h; sourceTree = "<group>"; };
		AE8CA7641D73DB10001F4BA3 /* SBJsonParser.m */ = {isa = PBXFileReference; fileEncoding = 4; lastKnownFileType = sourcecode.c.objc; path = SBJsonParser.m; sourceTree = "<group>"; };
		AE8CA7651D73DB10001F4BA3 /* SBJsonStreamParser.h */ = {isa = PBXFileReference; fileEncoding = 4; lastKnownFileType = sourcecode.c.h; path = SBJsonStreamParser.h; sourceTree = "<group>"; };
		AE8CA7661D73DB10001F4BA3 /* SBJsonStreamParser.m */ = {isa = PBXFileReference; fileEncoding = 4; lastKnownFileType = sourcecode.c.objc; path = SBJsonStreamParser.m; sourceTree = "<group>"; };
		AE8CA7671D73DB10001F4BA3 /* SBJsonStreamParserAccumulator.h */ = {isa = PBXFileReference; fileEncoding = 4; lastKnownFileType = sourcecode.c.h; path = SBJsonStreamParserAccumulator.h; sourceTree = "<group>"; };
		AE8CA7681D73DB10001F4BA3 /* SBJsonStreamParserAccumulator.m */ = {isa = PBXFileReference; fileEncoding = 4; lastKnownFileType = sourcecode.c.objc; path = SBJsonStreamParserAccumulator.m; sourceTree = "<group>"; };
		AE8CA7691D73DB10001F4BA3 /* SBJsonStreamParserAdapter.h */ = {isa = PBXFileReference; fileEncoding = 4; lastKnownFileType = sourcecode.c.h; path = SBJsonStreamParserAdapter.h; sourceTree = "<group>"; };
		AE8CA76A1D73DB10001F4BA3 /* SBJsonStreamParserAdapter.m */ = {isa = PBXFileReference; fileEncoding = 4; lastKnownFileType = sourcecode.c.objc; path = SBJsonStreamParserAdapter.m; sourceTree = "<group>"; };
		AE8CA76B1D73DB10001F4BA3 /* SBJsonStreamParserState.h */ = {isa = PBXFileReference; fileEncoding = 4; lastKnownFileType = sourcecode.c.h; path = SBJsonStreamParserState.h; sourceTree = "<group>"; };
		AE8CA76C1D73DB10001F4BA3 /* SBJsonStreamParserState.m */ = {isa = PBXFileReference; fileEncoding = 4; lastKnownFileType = sourcecode.c.objc; path = SBJsonStreamParserState.m; sourceTree = "<group>"; };
		AE8CA76D1D73DB10001F4BA3 /* SBJsonStreamWriter.h */ = {isa = PBXFileReference; fileEncoding = 4; lastKnownFileType = sourcecode.c.h; path = SBJsonStreamWriter.h; sourceTree = "<group>"; };
		AE8CA76E1D73DB10001F4BA3 /* SBJsonStreamWriter.m */ = {isa = PBXFileReference; fileEncoding = 4; lastKnownFileType = sourcecode.c.objc; path = SBJsonStreamWriter.m; sourceTree = "<group>"; };
		AE8CA76F1D73DB10001F4BA3 /* SBJsonStreamWriterAccumulator.h */ = {isa = PBXFileReference; fileEncoding = 4; lastKnownFileType = sourcecode.c.h; path = SBJsonStreamWriterAccumulator.h; sourceTree = "<group>"; };
		AE8CA7701D73DB10001F4BA3 /* SBJsonStreamWriterAccumulator.m */ = {isa = PBXFileReference; fileEncoding = 4; lastKnownFileType = sourcecode.c.objc; path = SBJsonStreamWriterAccumulator.m; sourceTree = "<group>"; };
		AE8CA7711D73DB10001F4BA3 /* SBJsonStreamWriterState.h */ = {isa = PBXFileReference; fileEncoding = 4; lastKnownFileType = sourcecode.c.h; path = SBJsonStreamWriterState.h; sourceTree = "<group>"; };
		AE8CA7721D73DB10001F4BA3 /* SBJsonStreamWriterState.m */ = {isa = PBXFileReference; fileEncoding = 4; lastKnownFileType = sourcecode.c.objc; path = SBJsonStreamWriterState.m; sourceTree = "<group>"; };
		AE8CA7731D73DB10001F4BA3 /* SBJsonTokeniser.h */ = {isa = PBXFileReference; fileEncoding = 4; lastKnownFileType = sourcecode.c.h; path = SBJsonTokeniser.h; sourceTree = "<group>"; };
		AE8CA7741D73DB10001F4BA3 /* SBJsonTokeniser.m */ = {isa = PBXFileReference; fileEncoding = 4; lastKnownFileType = sourcecode.c.objc; path = SBJsonTokeniser.m; sourceTree = "<group>"; };
		AE8CA7751D73DB10001F4BA3 /* SBJsonUTF8Stream.h */ = {isa = PBXFileReference; fileEncoding = 4; lastKnownFileType = sourcecode.c.h; path = SBJsonUTF8Stream.h; sourceTree = "<group>"; };
		AE8CA7761D73DB10001F4BA3 /* SBJsonUTF8Stream.m */ = {isa = PBXFileReference; fileEncoding = 4; lastKnownFileType = sourcecode.c.objc; path = SBJsonUTF8Stream.m; sourceTree = "<group>"; };
		AE8CA7771D73DB10001F4BA3 /* SBJsonWriter.h */ = {isa = PBXFileReference; fileEncoding = 4; lastKnownFileType = sourcecode.c.h; path = SBJsonWriter.h; sourceTree = "<group>"; };
		AE8CA7781D73DB10001F4BA3 /* SBJsonWriter.m */ = {isa = PBXFileReference; fileEncoding = 4; lastKnownFileType = sourcecode.c.objc; path = SBJsonWriter.m; sourceTree = "<group>"; };
		AE8CA7871D73DB3D001F4BA3 /* NSDictionary+ObjectMapper.h */ = {isa = PBXFileReference; fileEncoding = 4; lastKnownFileType = sourcecode.c.h; path = "NSDictionary+ObjectMapper.h"; sourceTree = "<group>"; };
		AE8CA7881D73DB3D001F4BA3 /* NSDictionary+ObjectMapper.m */ = {isa = PBXFileReference; fileEncoding = 4; lastKnownFileType = sourcecode.c.objc; path = "NSDictionary+ObjectMapper.m"; sourceTree = "<group>"; };
		AE8CA7891D73DB3D001F4BA3 /* NSObject+ObjectMapper.h */ = {isa = PBXFileReference; fileEncoding = 4; lastKnownFileType = sourcecode.c.h; path = "NSObject+ObjectMapper.h"; sourceTree = "<group>"; };
		AE8CA78A1D73DB3D001F4BA3 /* NSObject+ObjectMapper.m */ = {isa = PBXFileReference; fileEncoding = 4; lastKnownFileType = sourcecode.c.objc; path = "NSObject+ObjectMapper.m"; sourceTree = "<group>"; };
		AE8CA78C1D73DB3D001F4BA3 /* InstanceProvider.h */ = {isa = PBXFileReference; fileEncoding = 4; lastKnownFileType = sourcecode.c.h; path = InstanceProvider.h; sourceTree = "<group>"; };
		AE8CA78D1D73DB3D001F4BA3 /* ManagedObjectInstanceProvider.h */ = {isa = PBXFileReference; fileEncoding = 4; lastKnownFileType = sourcecode.c.h; path = ManagedObjectInstanceProvider.h; sourceTree = "<group>"; };
		AE8CA78E1D73DB3D001F4BA3 /* ManagedObjectInstanceProvider.m */ = {isa = PBXFileReference; fileEncoding = 4; lastKnownFileType = sourcecode.c.objc; path = ManagedObjectInstanceProvider.m; sourceTree = "<group>"; };
		AE8CA78F1D73DB3D001F4BA3 /* ObjectInstanceProvider.h */ = {isa = PBXFileReference; fileEncoding = 4; lastKnownFileType = sourcecode.c.h; path = ObjectInstanceProvider.h; sourceTree = "<group>"; };
		AE8CA7901D73DB3D001F4BA3 /* ObjectInstanceProvider.m */ = {isa = PBXFileReference; fileEncoding = 4; lastKnownFileType = sourcecode.c.objc; path = ObjectInstanceProvider.m; sourceTree = "<group>"; };
		AE8CA7921D73DB3D001F4BA3 /* CommonLoggingProvider.h */ = {isa = PBXFileReference; fileEncoding = 4; lastKnownFileType = sourcecode.c.h; path = CommonLoggingProvider.h; sourceTree = "<group>"; };
		AE8CA7931D73DB3D001F4BA3 /* CommonLoggingProvider.m */ = {isa = PBXFileReference; fileEncoding = 4; lastKnownFileType = sourcecode.c.objc; path = CommonLoggingProvider.m; sourceTree = "<group>"; };
		AE8CA7941D73DB3D001F4BA3 /* LoggingProvider.h */ = {isa = PBXFileReference; fileEncoding = 4; lastKnownFileType = sourcecode.c.h; path = LoggingProvider.h; sourceTree = "<group>"; };
		AE8CA7971D73DB3D001F4BA3 /* InCodeMappingProvider.h */ = {isa = PBXFileReference; fileEncoding = 4; lastKnownFileType = sourcecode.c.h; path = InCodeMappingProvider.h; sourceTree = "<group>"; };
		AE8CA7981D73DB3D001F4BA3 /* InCodeMappingProvider.m */ = {isa = PBXFileReference; fileEncoding = 4; lastKnownFileType = sourcecode.c.objc; path = InCodeMappingProvider.m; sourceTree = "<group>"; };
		AE8CA7991D73DB3D001F4BA3 /* MappingProvider.h */ = {isa = PBXFileReference; fileEncoding = 4; lastKnownFileType = sourcecode.c.h; path = MappingProvider.h; sourceTree = "<group>"; };
		AE8CA79A1D73DB3D001F4BA3 /* ObjectMapper.h */ = {isa = PBXFileReference; fileEncoding = 4; lastKnownFileType = sourcecode.c.h; path = ObjectMapper.h; sourceTree = "<group>"; };
		AE8CA79B1D73DB3D001F4BA3 /* ObjectMapper.m */ = {isa = PBXFileReference; fileEncoding = 4; lastKnownFileType = sourcecode.c.objc; path = ObjectMapper.m; sourceTree = "<group>"; };
		AE8CA79C1D73DB3D001F4BA3 /* ObjectMappingInfo.h */ = {isa = PBXFileReference; fileEncoding = 4; lastKnownFileType = sourcecode.c.h; path = ObjectMappingInfo.h; sourceTree = "<group>"; };
		AE8CA79D1D73DB3D001F4BA3 /* ObjectMappingInfo.m */ = {isa = PBXFileReference; fileEncoding = 4; lastKnownFileType = sourcecode.c.objc; path = ObjectMappingInfo.m; sourceTree = "<group>"; };
		AE8CA79E1D73DB3D001F4BA3 /* OCMapper.h */ = {isa = PBXFileReference; fileEncoding = 4; lastKnownFileType = sourcecode.c.h; path = OCMapper.h; sourceTree = "<group>"; };
		AE8CA7A71D73DBFE001F4BA3 /* ObjectResponse.h */ = {isa = PBXFileReference; fileEncoding = 4; lastKnownFileType = sourcecode.c.h; path = ObjectResponse.h; sourceTree = "<group>"; };
		AE8CA7A81D73DBFE001F4BA3 /* ObjectResponse.m */ = {isa = PBXFileReference; fileEncoding = 4; lastKnownFileType = sourcecode.c.objc; path = ObjectResponse.m; sourceTree = "<group>"; };
		AE8CA7AA1D73DC14001F4BA3 /* Coord.h */ = {isa = PBXFileReference; fileEncoding = 4; lastKnownFileType = sourcecode.c.h; path = Coord.h; sourceTree = "<group>"; };
		AE8CA7AB1D73DC14001F4BA3 /* Coord.m */ = {isa = PBXFileReference; fileEncoding = 4; lastKnownFileType = sourcecode.c.objc; path = Coord.m; sourceTree = "<group>"; };
		AE8CA7AD1D73DC2D001F4BA3 /* Weather.h */ = {isa = PBXFileReference; fileEncoding = 4; lastKnownFileType = sourcecode.c.h; path = Weather.h; sourceTree = "<group>"; };
		AE8CA7AE1D73DC2D001F4BA3 /* Weather.m */ = {isa = PBXFileReference; fileEncoding = 4; lastKnownFileType = sourcecode.c.objc; path = Weather.m; sourceTree = "<group>"; };
		AE8CA7B01D73DC62001F4BA3 /* MapResults.h */ = {isa = PBXFileReference; fileEncoding = 4; lastKnownFileType = sourcecode.c.h; path = MapResults.h; sourceTree = "<group>"; };
		AE8CA7B11D73DC62001F4BA3 /* MapResults.m */ = {isa = PBXFileReference; fileEncoding = 4; lastKnownFileType = sourcecode.c.objc; path = MapResults.m; sourceTree = "<group>"; };
		AE8CA7B31D73DC90001F4BA3 /* Declarations.h */ = {isa = PBXFileReference; fileEncoding = 4; lastKnownFileType = sourcecode.c.h; path = Declarations.h; sourceTree = "<group>"; };
		AE8CA7B41D73DC90001F4BA3 /* Declarations.m */ = {isa = PBXFileReference; fileEncoding = 4; lastKnownFileType = sourcecode.c.objc; path = Declarations.m; sourceTree = "<group>"; };
		AE8CA7B61D73DCAB001F4BA3 /* WebServices.h */ = {isa = PBXFileReference; fileEncoding = 4; lastKnownFileType = sourcecode.c.h; path = WebServices.h; sourceTree = "<group>"; };
		AE8CA7B71D73DCAB001F4BA3 /* WebServices.m */ = {isa = PBXFileReference; fileEncoding = 4; lastKnownFileType = sourcecode.c.objc; path = WebServices.m; sourceTree = "<group>"; };
		AE8CA7B91D73DCC6001F4BA3 /* Parser.h */ = {isa = PBXFileReference; fileEncoding = 4; lastKnownFileType = sourcecode.c.h; path = Parser.h; sourceTree = "<group>"; };
		AE8CA7BA1D73DCC6001F4BA3 /* Parser.m */ = {isa = PBXFileReference; fileEncoding = 4; lastKnownFileType = sourcecode.c.objc; path = Parser.m; sourceTree = "<group>"; };
		AE8CA7BC1D73DCE2001F4BA3 /* OCMapperConfig.h */ = {isa = PBXFileReference; fileEncoding = 4; lastKnownFileType = sourcecode.c.h; path = OCMapperConfig.h; sourceTree = "<group>"; };
		AE8CA7BD1D73DCE2001F4BA3 /* OCMapperConfig.m */ = {isa = PBXFileReference; fileEncoding = 4; lastKnownFileType = sourcecode.c.objc; path = OCMapperConfig.m; sourceTree = "<group>"; };
		AE8CA7BF1D73DCF5001F4BA3 /* MainObject.h */ = {isa = PBXFileReference; fileEncoding = 4; lastKnownFileType = sourcecode.c.h; path = MainObject.h; sourceTree = "<group>"; };
		AE8CA7C01D73DCF5001F4BA3 /* MainObject.m */ = {isa = PBXFileReference; fileEncoding = 4; lastKnownFileType = sourcecode.c.objc; path = MainObject.m; sourceTree = "<group>"; };
		BE3AE06E5B17A2033729F93B /* libPods-Examen.a */ = {isa = PBXFileReference; explicitFileType = archive.ar; includeInIndex = 0; path = "libPods-Examen.a"; sourceTree = BUILT_PRODUCTS_DIR; };
/* End PBXFileReference section */

/* Begin PBXFrameworksBuildPhase section */
		AE8CA7391D73D5C8001F4BA3 /* Frameworks */ = {
			isa = PBXFrameworksBuildPhase;
			buildActionMask = 2147483647;
			files = (
				4DC8756FA90D7567D0E8D10E /* libPods-Examen.a in Frameworks */,
			);
			runOnlyForDeploymentPostprocessing = 0;
		};
/* End PBXFrameworksBuildPhase section */

/* Begin PBXGroup section */
		A0E64E1B68AC1B6949438B1C /* Pods */ = {
			isa = PBXGroup;
			children = (
				2AC06E6BC2E132C5DB18476C /* Pods-Examen.debug.xcconfig */,
				2C3AD226487862AC10993BEB /* Pods-Examen.release.xcconfig */,
			);
			name = Pods;
			sourceTree = "<group>";
		};
		AE8CA7331D73D5C8001F4BA3 = {
			isa = PBXGroup;
			children = (
				AE8CA75D1D73D999001F4BA3 /* Podfile */,
				AE8CA73E1D73D5C8001F4BA3 /* Examen */,
				AE8CA73D1D73D5C8001F4BA3 /* Products */,
				A0E64E1B68AC1B6949438B1C /* Pods */,
				F570BE82024D443ACEDBA62F /* Frameworks */,
			);
			sourceTree = "<group>";
		};
		AE8CA73D1D73D5C8001F4BA3 /* Products */ = {
			isa = PBXGroup;
			children = (
				AE8CA73C1D73D5C8001F4BA3 /* Examen.app */,
			);
			name = Products;
			sourceTree = "<group>";
		};
		AE8CA73E1D73D5C8001F4BA3 /* Examen */ = {
			isa = PBXGroup;
			children = (
				AE8CA75C1D73D5EE001F4BA3 /* Classes */,
				AE8CA75B1D73D5E5001F4BA3 /* Models */,
				AE8CA75A1D73D5DA001F4BA3 /* Controllers */,
				AE8CA7591D73D5CF001F4BA3 /* Main */,
				AE8CA7481D73D5C8001F4BA3 /* Main.storyboard */,
				AE8CA74E1D73D5C8001F4BA3 /* Assets.xcassets */,
				AE8CA7501D73D5C8001F4BA3 /* LaunchScreen.storyboard */,
				AE8CA7531D73D5C8001F4BA3 /* Info.plist */,
				AE8CA74B1D73D5C8001F4BA3 /* Examen.xcdatamodeld */,
				AE8CA73F1D73D5C8001F4BA3 /* Supporting Files */,
			);
			path = Examen;
			sourceTree = "<group>";
		};
		AE8CA73F1D73D5C8001F4BA3 /* Supporting Files */ = {
			isa = PBXGroup;
			children = (
				AE8CA7401D73D5C8001F4BA3 /* main.m */,
			);
			name = "Supporting Files";
			sourceTree = "<group>";
		};
		AE8CA7591D73D5CF001F4BA3 /* Main */ = {
			isa = PBXGroup;
			children = (
				AE8CA7421D73D5C8001F4BA3 /* AppDelegate.h */,
				AE8CA7431D73D5C8001F4BA3 /* AppDelegate.m */,
				AE8CA7B31D73DC90001F4BA3 /* Declarations.h */,
				AE8CA7B41D73DC90001F4BA3 /* Declarations.m */,
				AE8CA7B61D73DCAB001F4BA3 /* WebServices.h */,
				AE8CA7B71D73DCAB001F4BA3 /* WebServices.m */,
				AE8CA7B91D73DCC6001F4BA3 /* Parser.h */,
				AE8CA7BA1D73DCC6001F4BA3 /* Parser.m */,
				AE8CA7BC1D73DCE2001F4BA3 /* OCMapperConfig.h */,
				AE8CA7BD1D73DCE2001F4BA3 /* OCMapperConfig.m */,
				AE8CA7BF1D73DCF5001F4BA3 /* MainObject.h */,
				AE8CA7C01D73DCF5001F4BA3 /* MainObject.m */,
			);
			name = Main;
			sourceTree = "<group>";
		};
		AE8CA75A1D73D5DA001F4BA3 /* Controllers */ = {
			isa = PBXGroup;
			children = (
				AE8CA7451D73D5C8001F4BA3 /* Start.h */,
				AE8CA7461D73D5C8001F4BA3 /* Start.m */,
				AE8CA7B01D73DC62001F4BA3 /* MapResults.h */,
				AE8CA7B11D73DC62001F4BA3 /* MapResults.m */,
			);
			name = Controllers;
			sourceTree = "<group>";
		};
		AE8CA75B1D73D5E5001F4BA3 /* Models */ = {
			isa = PBXGroup;
			children = (
				AE8CA7A71D73DBFE001F4BA3 /* ObjectResponse.h */,
				AE8CA7A81D73DBFE001F4BA3 /* ObjectResponse.m */,
				AE8CA7AA1D73DC14001F4BA3 /* Coord.h */,
				AE8CA7AB1D73DC14001F4BA3 /* Coord.m */,
				AE8CA7AD1D73DC2D001F4BA3 /* Weather.h */,
				AE8CA7AE1D73DC2D001F4BA3 /* Weather.m */,
			);
			name = Models;
			sourceTree = "<group>";
		};
		AE8CA75C1D73D5EE001F4BA3 /* Classes */ = {
			isa = PBXGroup;
			children = (
				AE8CA7851D73DB3D001F4BA3 /* ocmapper */,
				AE8CA75F1D73DB10001F4BA3 /* json */,
			);
			name = Classes;
			sourceTree = "<group>";
		};
		AE8CA75F1D73DB10001F4BA3 /* json */ = {
			isa = PBXGroup;
			children = (
				AE8CA7601D73DB10001F4BA3 /* NSObject+SBJson.h */,
				AE8CA7611D73DB10001F4BA3 /* NSObject+SBJson.m */,
				AE8CA7621D73DB10001F4BA3 /* SBJson.h */,
				AE8CA7631D73DB10001F4BA3 /* SBJsonParser.h */,
				AE8CA7641D73DB10001F4BA3 /* SBJsonParser.m */,
				AE8CA7651D73DB10001F4BA3 /* SBJsonStreamParser.h */,
				AE8CA7661D73DB10001F4BA3 /* SBJsonStreamParser.m */,
				AE8CA7671D73DB10001F4BA3 /* SBJsonStreamParserAccumulator.h */,
				AE8CA7681D73DB10001F4BA3 /* SBJsonStreamParserAccumulator.m */,
				AE8CA7691D73DB10001F4BA3 /* SBJsonStreamParserAdapter.h */,
				AE8CA76A1D73DB10001F4BA3 /* SBJsonStreamParserAdapter.m */,
				AE8CA76B1D73DB10001F4BA3 /* SBJsonStreamParserState.h */,
				AE8CA76C1D73DB10001F4BA3 /* SBJsonStreamParserState.m */,
				AE8CA76D1D73DB10001F4BA3 /* SBJsonStreamWriter.h */,
				AE8CA76E1D73DB10001F4BA3 /* SBJsonStreamWriter.m */,
				AE8CA76F1D73DB10001F4BA3 /* SBJsonStreamWriterAccumulator.h */,
				AE8CA7701D73DB10001F4BA3 /* SBJsonStreamWriterAccumulator.m */,
				AE8CA7711D73DB10001F4BA3 /* SBJsonStreamWriterState.h */,
				AE8CA7721D73DB10001F4BA3 /* SBJsonStreamWriterState.m */,
				AE8CA7731D73DB10001F4BA3 /* SBJsonTokeniser.h */,
				AE8CA7741D73DB10001F4BA3 /* SBJsonTokeniser.m */,
				AE8CA7751D73DB10001F4BA3 /* SBJsonUTF8Stream.h */,
				AE8CA7761D73DB10001F4BA3 /* SBJsonUTF8Stream.m */,
				AE8CA7771D73DB10001F4BA3 /* SBJsonWriter.h */,
				AE8CA7781D73DB10001F4BA3 /* SBJsonWriter.m */,
			);
			path = json;
			sourceTree = "<group>";
		};
		AE8CA7851D73DB3D001F4BA3 /* ocmapper */ = {
			isa = PBXGroup;
			children = (
				AE8CA7861D73DB3D001F4BA3 /* Categories */,
				AE8CA78B1D73DB3D001F4BA3 /* Instance Provider */,
				AE8CA7911D73DB3D001F4BA3 /* Logging Provider */,
				AE8CA7951D73DB3D001F4BA3 /* Mapping Provider */,
				AE8CA79A1D73DB3D001F4BA3 /* ObjectMapper.h */,
				AE8CA79B1D73DB3D001F4BA3 /* ObjectMapper.m */,
				AE8CA79C1D73DB3D001F4BA3 /* ObjectMappingInfo.h */,
				AE8CA79D1D73DB3D001F4BA3 /* ObjectMappingInfo.m */,
				AE8CA79E1D73DB3D001F4BA3 /* OCMapper.h */,
			);
			path = ocmapper;
			sourceTree = "<group>";
		};
		AE8CA7861D73DB3D001F4BA3 /* Categories */ = {
			isa = PBXGroup;
			children = (
				AE8CA7871D73DB3D001F4BA3 /* NSDictionary+ObjectMapper.h */,
				AE8CA7881D73DB3D001F4BA3 /* NSDictionary+ObjectMapper.m */,
				AE8CA7891D73DB3D001F4BA3 /* NSObject+ObjectMapper.h */,
				AE8CA78A1D73DB3D001F4BA3 /* NSObject+ObjectMapper.m */,
			);
			path = Categories;
			sourceTree = "<group>";
		};
		AE8CA78B1D73DB3D001F4BA3 /* Instance Provider */ = {
			isa = PBXGroup;
			children = (
				AE8CA78C1D73DB3D001F4BA3 /* InstanceProvider.h */,
				AE8CA78D1D73DB3D001F4BA3 /* ManagedObjectInstanceProvider.h */,
				AE8CA78E1D73DB3D001F4BA3 /* ManagedObjectInstanceProvider.m */,
				AE8CA78F1D73DB3D001F4BA3 /* ObjectInstanceProvider.h */,
				AE8CA7901D73DB3D001F4BA3 /* ObjectInstanceProvider.m */,
			);
			path = "Instance Provider";
			sourceTree = "<group>";
		};
		AE8CA7911D73DB3D001F4BA3 /* Logging Provider */ = {
			isa = PBXGroup;
			children = (
				AE8CA7921D73DB3D001F4BA3 /* CommonLoggingProvider.h */,
				AE8CA7931D73DB3D001F4BA3 /* CommonLoggingProvider.m */,
				AE8CA7941D73DB3D001F4BA3 /* LoggingProvider.h */,
			);
			path = "Logging Provider";
			sourceTree = "<group>";
		};
		AE8CA7951D73DB3D001F4BA3 /* Mapping Provider */ = {
			isa = PBXGroup;
			children = (
				AE8CA7961D73DB3D001F4BA3 /* In Code Mapping */,
				AE8CA7991D73DB3D001F4BA3 /* MappingProvider.h */,
			);
			path = "Mapping Provider";
			sourceTree = "<group>";
		};
		AE8CA7961D73DB3D001F4BA3 /* In Code Mapping */ = {
			isa = PBXGroup;
			children = (
				AE8CA7971D73DB3D001F4BA3 /* InCodeMappingProvider.h */,
				AE8CA7981D73DB3D001F4BA3 /* InCodeMappingProvider.m */,
			);
			path = "In Code Mapping";
			sourceTree = "<group>";
		};
		F570BE82024D443ACEDBA62F /* Frameworks */ = {
			isa = PBXGroup;
			children = (
				BE3AE06E5B17A2033729F93B /* libPods-Examen.a */,
			);
			name = Frameworks;
			sourceTree = "<group>";
		};
/* End PBXGroup section */

/* Begin PBXNativeTarget section */
		AE8CA73B1D73D5C8001F4BA3 /* Examen */ = {
			isa = PBXNativeTarget;
			buildConfigurationList = AE8CA7561D73D5C8001F4BA3 /* Build configuration list for PBXNativeTarget "Examen" */;
			buildPhases = (
				547828F9F8F3E2CA5C2DCEFE /* [CP] Check Pods Manifest.lock */,
				AE8CA7381D73D5C8001F4BA3 /* Sources */,
				AE8CA7391D73D5C8001F4BA3 /* Frameworks */,
				AE8CA73A1D73D5C8001F4BA3 /* Resources */,
				65BEE4B3A058DC594C871D67 /* [CP] Embed Pods Frameworks */,
				C528C59D7E06E92A72E29E0E /* [CP] Copy Pods Resources */,
			);
			buildRules = (
			);
			dependencies = (
			);
			name = Examen;
			productName = Examen;
			productReference = AE8CA73C1D73D5C8001F4BA3 /* Examen.app */;
			productType = "com.apple.product-type.application";
		};
/* End PBXNativeTarget section */

/* Begin PBXProject section */
		AE8CA7341D73D5C8001F4BA3 /* Project object */ = {
			isa = PBXProject;
			attributes = {
				LastUpgradeCheck = 0710;
				ORGANIZATIONNAME = Haydee;
				TargetAttributes = {
					AE8CA73B1D73D5C8001F4BA3 = {
						CreatedOnToolsVersion = 7.1.1;
					};
				};
			};
			buildConfigurationList = AE8CA7371D73D5C8001F4BA3 /* Build configuration list for PBXProject "Examen" */;
			compatibilityVersion = "Xcode 3.2";
			developmentRegion = English;
			hasScannedForEncodings = 0;
			knownRegions = (
				en,
				Base,
			);
			mainGroup = AE8CA7331D73D5C8001F4BA3;
			productRefGroup = AE8CA73D1D73D5C8001F4BA3 /* Products */;
			projectDirPath = "";
			projectRoot = "";
			targets = (
				AE8CA73B1D73D5C8001F4BA3 /* Examen */,
			);
		};
/* End PBXProject section */

/* Begin PBXResourcesBuildPhase section */
		AE8CA73A1D73D5C8001F4BA3 /* Resources */ = {
			isa = PBXResourcesBuildPhase;
			buildActionMask = 2147483647;
			files = (
				AE8CA7521D73D5C8001F4BA3 /* LaunchScreen.storyboard in Resources */,
				AE8CA74F1D73D5C8001F4BA3 /* Assets.xcassets in Resources */,
				AE8CA75E1D73D999001F4BA3 /* Podfile in Resources */,
				AE8CA74A1D73D5C8001F4BA3 /* Main.storyboard in Resources */,
			);
			runOnlyForDeploymentPostprocessing = 0;
		};
/* End PBXResourcesBuildPhase section */

/* Begin PBXShellScriptBuildPhase section */
		547828F9F8F3E2CA5C2DCEFE /* [CP] Check Pods Manifest.lock */ = {
			isa = PBXShellScriptBuildPhase;
			buildActionMask = 2147483647;
			files = (
			);
			inputPaths = (
			);
			name = "[CP] Check Pods Manifest.lock";
			outputPaths = (
			);
			runOnlyForDeploymentPostprocessing = 0;
			shellPath = /bin/sh;
			shellScript = "diff \"${PODS_ROOT}/../Podfile.lock\" \"${PODS_ROOT}/Manifest.lock\" > /dev/null\nif [[ $? != 0 ]] ; then\n    cat << EOM\nerror: The sandbox is not in sync with the Podfile.lock. Run 'pod install' or update your CocoaPods installation.\nEOM\n    exit 1\nfi\n";
			showEnvVarsInLog = 0;
		};
		65BEE4B3A058DC594C871D67 /* [CP] Embed Pods Frameworks */ = {
			isa = PBXShellScriptBuildPhase;
			buildActionMask = 2147483647;
			files = (
			);
			inputPaths = (
			);
			name = "[CP] Embed Pods Frameworks";
			outputPaths = (
			);
			runOnlyForDeploymentPostprocessing = 0;
			shellPath = /bin/sh;
			shellScript = "\"${SRCROOT}/Pods/Target Support Files/Pods-Examen/Pods-Examen-frameworks.sh\"\n";
			showEnvVarsInLog = 0;
		};
		C528C59D7E06E92A72E29E0E /* [CP] Copy Pods Resources */ = {
			isa = PBXShellScriptBuildPhase;
			buildActionMask = 2147483647;
			files = (
			);
			inputPaths = (
			);
			name = "[CP] Copy Pods Resources";
			outputPaths = (
			);
			runOnlyForDeploymentPostprocessing = 0;
			shellPath = /bin/sh;
			shellScript = "\"${SRCROOT}/Pods/Target Support Files/Pods-Examen/Pods-Examen-resources.sh\"\n";
			showEnvVarsInLog = 0;
		};
/* End PBXShellScriptBuildPhase section */

/* Begin PBXSourcesBuildPhase section */
		AE8CA7381D73D5C8001F4BA3 /* Sources */ = {
			isa = PBXSourcesBuildPhase;
			buildActionMask = 2147483647;
			files = (
				AE8CA7A31D73DB3D001F4BA3 /* CommonLoggingProvider.m in Sources */,
				AE8CA7471D73D5C8001F4BA3 /* Start.m in Sources */,
				AE8CA74D1D73D5C8001F4BA3 /* Examen.xcdatamodeld in Sources */,
				AE8CA7801D73DB10001F4BA3 /* SBJsonStreamWriterAccumulator.m in Sources */,
				AE8CA7A01D73DB3D001F4BA3 /* NSObject+ObjectMapper.m in Sources */,
				AE8CA77C1D73DB10001F4BA3 /* SBJsonStreamParserAccumulator.m in Sources */,
				AE8CA77E1D73DB10001F4BA3 /* SBJsonStreamParserState.m in Sources */,
				AE8CA7B21D73DC62001F4BA3 /* MapResults.m in Sources */,
				AE8CA79F1D73DB3D001F4BA3 /* NSDictionary+ObjectMapper.m in Sources */,
				AE8CA7A91D73DBFE001F4BA3 /* ObjectResponse.m in Sources */,
				AE8CA7C11D73DCF5001F4BA3 /* MainObject.m in Sources */,
				AE8CA7841D73DB10001F4BA3 /* SBJsonWriter.m in Sources */,
				AE8CA7A41D73DB3D001F4BA3 /* InCodeMappingProvider.m in Sources */,
				AE8CA7441D73D5C8001F4BA3 /* AppDelegate.m in Sources */,
				AE8CA7811D73DB10001F4BA3 /* SBJsonStreamWriterState.m in Sources */,
				AE8CA77A1D73DB10001F4BA3 /* SBJsonParser.m in Sources */,
				AE8CA7831D73DB10001F4BA3 /* SBJsonUTF8Stream.m in Sources */,
				AE8CA7B81D73DCAB001F4BA3 /* WebServices.m in Sources */,
				AE8CA7B51D73DC90001F4BA3 /* Declarations.m in Sources */,
				AE8CA77B1D73DB10001F4BA3 /* SBJsonStreamParser.m in Sources */,
				AE8CA7821D73DB10001F4BA3 /* SBJsonTokeniser.m in Sources */,
				AE8CA7791D73DB10001F4BA3 /* NSObject+SBJson.m in Sources */,
				AE8CA7AF1D73DC2D001F4BA3 /* Weather.m in Sources */,
				AE8CA7411D73D5C8001F4BA3 /* main.m in Sources */,
				AE8CA7A51D73DB3D001F4BA3 /* ObjectMapper.m in Sources */,
				AE8CA7BE1D73DCE2001F4BA3 /* OCMapperConfig.m in Sources */,
				AE8CA77F1D73DB10001F4BA3 /* SBJsonStreamWriter.m in Sources */,
				AE8CA7AC1D73DC14001F4BA3 /* Coord.m in Sources */,
				AE8CA77D1D73DB10001F4BA3 /* SBJsonStreamParserAdapter.m in Sources */,
				AE8CA7BB1D73DCC6001F4BA3 /* Parser.m in Sources */,
				AE8CA7A61D73DB3D001F4BA3 /* ObjectMappingInfo.m in Sources */,
				AE8CA7A21D73DB3D001F4BA3 /* ObjectInstanceProvider.m in Sources */,
				AE8CA7A11D73DB3D001F4BA3 /* ManagedObjectInstanceProvider.m in Sources */,
			);
			runOnlyForDeploymentPostprocessing = 0;
		};
/* End PBXSourcesBuildPhase section */

/* Begin PBXVariantGroup section */
		AE8CA7481D73D5C8001F4BA3 /* Main.storyboard */ = {
			isa = PBXVariantGroup;
			children = (
				AE8CA7491D73D5C8001F4BA3 /* Base */,
			);
			name = Main.storyboard;
			sourceTree = "<group>";
		};
		AE8CA7501D73D5C8001F4BA3 /* LaunchScreen.storyboard */ = {
			isa = PBXVariantGroup;
			children = (
				AE8CA7511D73D5C8001F4BA3 /* Base */,
			);
			name = LaunchScreen.storyboard;
			sourceTree = "<group>";
		};
/* End PBXVariantGroup section */

/* Begin XCBuildConfiguration section */
		AE8CA7541D73D5C8001F4BA3 /* Debug */ = {
			isa = XCBuildConfiguration;
			buildSettings = {
				ALWAYS_SEARCH_USER_PATHS = NO;
				CLANG_CXX_LANGUAGE_STANDARD = "gnu++0x";
				CLANG_CXX_LIBRARY = "libc++";
				CLANG_ENABLE_MODULES = YES;
				CLANG_ENABLE_OBJC_ARC = YES;
				CLANG_WARN_BOOL_CONVERSION = YES;
				CLANG_WARN_CONSTANT_CONVERSION = YES;
				CLANG_WARN_DIRECT_OBJC_ISA_USAGE = YES_ERROR;
				CLANG_WARN_EMPTY_BODY = YES;
				CLANG_WARN_ENUM_CONVERSION = YES;
				CLANG_WARN_INT_CONVERSION = YES;
				CLANG_WARN_OBJC_ROOT_CLASS = YES_ERROR;
				CLANG_WARN_UNREACHABLE_CODE = YES;
				CLANG_WARN__DUPLICATE_METHOD_MATCH = YES;
				"CODE_SIGN_IDENTITY[sdk=iphoneos*]" = "iPhone Developer";
				COPY_PHASE_STRIP = NO;
				DEBUG_INFORMATION_FORMAT = dwarf;
				ENABLE_STRICT_OBJC_MSGSEND = YES;
				ENABLE_TESTABILITY = YES;
				GCC_C_LANGUAGE_STANDARD = gnu99;
				GCC_DYNAMIC_NO_PIC = NO;
				GCC_NO_COMMON_BLOCKS = YES;
				GCC_OPTIMIZATION_LEVEL = 0;
				GCC_PREPROCESSOR_DEFINITIONS = (
					"DEBUG=1",
					"$(inherited)",
				);
				GCC_WARN_64_TO_32_BIT_CONVERSION = YES;
				GCC_WARN_ABOUT_RETURN_TYPE = YES_ERROR;
				GCC_WARN_UNDECLARED_SELECTOR = YES;
				GCC_WARN_UNINITIALIZED_AUTOS = YES_AGGRESSIVE;
				GCC_WARN_UNUSED_FUNCTION = YES;
				GCC_WARN_UNUSED_VARIABLE = YES;
				IPHONEOS_DEPLOYMENT_TARGET = 9.1;
				MTL_ENABLE_DEBUG_INFO = YES;
				ONLY_ACTIVE_ARCH = YES;
				SDKROOT = iphoneos;
			};
			name = Debug;
		};
		AE8CA7551D73D5C8001F4BA3 /* Release */ = {
			isa = XCBuildConfiguration;
			buildSettings = {
				ALWAYS_SEARCH_USER_PATHS = NO;
				CLANG_CXX_LANGUAGE_STANDARD = "gnu++0x";
				CLANG_CXX_LIBRARY = "libc++";
				CLANG_ENABLE_MODULES = YES;
				CLANG_ENABLE_OBJC_ARC = YES;
				CLANG_WARN_BOOL_CONVERSION = YES;
				CLANG_WARN_CONSTANT_CONVERSION = YES;
				CLANG_WARN_DIRECT_OBJC_ISA_USAGE = YES_ERROR;
				CLANG_WARN_EMPTY_BODY = YES;
				CLANG_WARN_ENUM_CONVERSION = YES;
				CLANG_WARN_INT_CONVERSION = YES;
				CLANG_WARN_OBJC_ROOT_CLASS = YES_ERROR;
				CLANG_WARN_UNREACHABLE_CODE = YES;
				CLANG_WARN__DUPLICATE_METHOD_MATCH = YES;
				"CODE_SIGN_IDENTITY[sdk=iphoneos*]" = "iPhone Developer";
				COPY_PHASE_STRIP = NO;
				DEBUG_INFORMATION_FORMAT = "dwarf-with-dsym";
				ENABLE_NS_ASSERTIONS = NO;
				ENABLE_STRICT_OBJC_MSGSEND = YES;
				GCC_C_LANGUAGE_STANDARD = gnu99;
				GCC_NO_COMMON_BLOCKS = YES;
				GCC_WARN_64_TO_32_BIT_CONVERSION = YES;
				GCC_WARN_ABOUT_RETURN_TYPE = YES_ERROR;
				GCC_WARN_UNDECLARED_SELECTOR = YES;
				GCC_WARN_UNINITIALIZED_AUTOS = YES_AGGRESSIVE;
				GCC_WARN_UNUSED_FUNCTION = YES;
				GCC_WARN_UNUSED_VARIABLE = YES;
				IPHONEOS_DEPLOYMENT_TARGET = 9.1;
				MTL_ENABLE_DEBUG_INFO = NO;
				SDKROOT = iphoneos;
				VALIDATE_PRODUCT = YES;
			};
			name = Release;
		};
		AE8CA7571D73D5C8001F4BA3 /* Debug */ = {
			isa = XCBuildConfiguration;
			baseConfigurationReference = 2AC06E6BC2E132C5DB18476C /* Pods-Examen.debug.xcconfig */;
			buildSettings = {
				ASSETCATALOG_COMPILER_APPICON_NAME = AppIcon;
				INFOPLIST_FILE = Examen/Info.plist;
				LD_RUNPATH_SEARCH_PATHS = "$(inherited) @executable_path/Frameworks";
				PRODUCT_BUNDLE_IDENTIFIER = com.haydee.Examen;
				PRODUCT_NAME = "$(TARGET_NAME)";
			};
			name = Debug;
		};
		AE8CA7581D73D5C8001F4BA3 /* Release */ = {
			isa = XCBuildConfiguration;
			baseConfigurationReference = 2C3AD226487862AC10993BEB /* Pods-Examen.release.xcconfig */;
			buildSettings = {
				ASSETCATALOG_COMPILER_APPICON_NAME = AppIcon;
				INFOPLIST_FILE = Examen/Info.plist;
				LD_RUNPATH_SEARCH_PATHS = "$(inherited) @executable_path/Frameworks";
				PRODUCT_BUNDLE_IDENTIFIER = com.haydee.Examen;
				PRODUCT_NAME = "$(TARGET_NAME)";
			};
			name = Release;
		};
/* End XCBuildConfiguration section */

/* Begin XCConfigurationList section */
		AE8CA7371D73D5C8001F4BA3 /* Build configuration list for PBXProject "Examen" */ = {
			isa = XCConfigurationList;
			buildConfigurations = (
				AE8CA7541D73D5C8001F4BA3 /* Debug */,
				AE8CA7551D73D5C8001F4BA3 /* Release */,
			);
			defaultConfigurationIsVisible = 0;
			defaultConfigurationName = Release;
		};
		AE8CA7561D73D5C8001F4BA3 /* Build configuration list for PBXNativeTarget "Examen" */ = {
			isa = XCConfigurationList;
			buildConfigurations = (
				AE8CA7571D73D5C8001F4BA3 /* Debug */,
				AE8CA7581D73D5C8001F4BA3 /* Release */,
			);
			defaultConfigurationIsVisible = 0;
			defaultConfigurationName = Release;
		};
/* End XCConfigurationList section */

/* Begin XCVersionGroup section */
		AE8CA74B1D73D5C8001F4BA3 /* Examen.xcdatamodeld */ = {
			isa = XCVersionGroup;
			children = (
				AE8CA74C1D73D5C8001F4BA3 /* Examen.xcdatamodel */,
			);
			currentVersion = AE8CA74C1D73D5C8001F4BA3 /* Examen.xcdatamodel */;
			path = Examen.xcdatamodeld;
			sourceTree = "<group>";
			versionGroupType = wrapper.xcdatamodel;
		};
/* End XCVersionGroup section */
	};
	rootObject = AE8CA7341D73D5C8001F4BA3 /* Project object */;
}
